# THIS IS AN AUTOGENERATED FILE. DO NOT EDIT THIS FILE DIRECTLY.
# yarn lockfile v1


mpesa-api@^3.0.2:
  version "3.0.2"
  resolved "https://registry.yarnpkg.com/mpesa-api/-/mpesa-api-3.0.2.tgz#21ae058eba05850be1d9f1863f51cb584c8a2ab8"
  integrity sha512-lOueQBRwqD9wOWGNz+vYZuWclwJ5DTCoMoPutHqYcvlYeNZJtjvRvFqSqVV654qy8SZO/TPAJ6+PIybHkO9GBw==
